
Microsoft Visual Studio Solution File, Format Version 12.00
# Visual Studio Version 17
VisualStudioVersion = 17.3.32929.385
MinimumVisualStudioVersion = 10.0.40219.1
Project("{9A19103F-16F7-4668-BE54-9A1E7A4F7556}") = "Bonus_ALIEN_Aliens_at_the_train", "Bonus_ALIEN_Aliens_at_the_train_\Bonus_ALIEN_Aliens_at_the_train.csproj", "{F60024E6-AE3A-46CC-80C9-CAFFC9A2515B}"
EndProject
Global
	GlobalSection(SolutionConfigurationPlatforms) = preSolution
		Debug|Any CPU = Debug|Any CPU
		Release|Any CPU = Release|Any CPU
	EndGlobalSection
	GlobalSection(ProjectConfigurationPlatforms) = postSolution
		{F60024E6-AE3A-46CC-80C9-CAFFC9A2515B}.Debug|Any CPU.ActiveCfg = Debug|Any CPU
		{F60024E6-AE3A-46CC-80C9-CAFFC9A2515B}.Debug|Any CPU.Build.0 = Debug|Any CPU
		{F60024E6-AE3A-46CC-80C9-CAFFC9A2515B}.Release|Any CPU.ActiveCfg = Release|Any CPU
		{F60024E6-AE3A-46CC-80C9-CAFFC9A2515B}.Release|Any CPU.Build.0 = Release|Any CPU
	EndGlobalSection
	GlobalSection(SolutionProperties) = preSolution
		HideSolutionNode = FALSE
	EndGlobalSection
	GlobalSection(ExtensibilityGlobals) = postSolution
		SolutionGuid = {A323851F-5215-4967-82EB-6F00CC3F82E0}
	EndGlobalSection
EndGlobal
