
Microsoft Visual Studio Solution File, Format Version 12.00
# Visual Studio Version 17
VisualStudioVersion = 17.4.33103.184
MinimumVisualStudioVersion = 10.0.40219.1
Project("{FAE04EC0-301F-11D3-BF4B-00C04F79EFBC}") = "Seria_zadań_CodeRunner_Single_linked_list", "Seria_zadań_CodeRunner_Single_linked_list\Seria_zadań_CodeRunner_Single_linked_list.csproj", "{14BE0F45-31EA-4F05-A0D9-1A4C8DFA7CC2}"
EndProject
Global
	GlobalSection(SolutionConfigurationPlatforms) = preSolution
		Debug|Any CPU = Debug|Any CPU
		Release|Any CPU = Release|Any CPU
	EndGlobalSection
	GlobalSection(ProjectConfigurationPlatforms) = postSolution
		{14BE0F45-31EA-4F05-A0D9-1A4C8DFA7CC2}.Debug|Any CPU.ActiveCfg = Debug|Any CPU
		{14BE0F45-31EA-4F05-A0D9-1A4C8DFA7CC2}.Debug|Any CPU.Build.0 = Debug|Any CPU
		{14BE0F45-31EA-4F05-A0D9-1A4C8DFA7CC2}.Release|Any CPU.ActiveCfg = Release|Any CPU
		{14BE0F45-31EA-4F05-A0D9-1A4C8DFA7CC2}.Release|Any CPU.Build.0 = Release|Any CPU
	EndGlobalSection
	GlobalSection(SolutionProperties) = preSolution
		HideSolutionNode = FALSE
	EndGlobalSection
	GlobalSection(ExtensibilityGlobals) = postSolution
		SolutionGuid = {787050CA-154A-4640-B1BC-95BAF7AC5851}
	EndGlobalSection
EndGlobal
