
Microsoft Visual Studio Solution File, Format Version 12.00
# Visual Studio Version 17
VisualStudioVersion = 17.4.33205.214
MinimumVisualStudioVersion = 10.0.40219.1
Project("{FAE04EC0-301F-11D3-BF4B-00C04F79EFBC}") = "Bonus_SPOJ_TREEORD_Tree_Order", "Bonus_SPOJ_TREEORD_Tree_Order\Bonus_SPOJ_TREEORD_Tree_Order.csproj", "{20898BED-FDAC-4E95-A2CC-03681C3D25BE}"
EndProject
Global
	GlobalSection(SolutionConfigurationPlatforms) = preSolution
		Debug|Any CPU = Debug|Any CPU
		Release|Any CPU = Release|Any CPU
	EndGlobalSection
	GlobalSection(ProjectConfigurationPlatforms) = postSolution
		{20898BED-FDAC-4E95-A2CC-03681C3D25BE}.Debug|Any CPU.ActiveCfg = Debug|Any CPU
		{20898BED-FDAC-4E95-A2CC-03681C3D25BE}.Debug|Any CPU.Build.0 = Debug|Any CPU
		{20898BED-FDAC-4E95-A2CC-03681C3D25BE}.Release|Any CPU.ActiveCfg = Release|Any CPU
		{20898BED-FDAC-4E95-A2CC-03681C3D25BE}.Release|Any CPU.Build.0 = Release|Any CPU
	EndGlobalSection
	GlobalSection(SolutionProperties) = preSolution
		HideSolutionNode = FALSE
	EndGlobalSection
	GlobalSection(ExtensibilityGlobals) = postSolution
		SolutionGuid = {497E5B44-BF47-43F3-A161-144723D8AAB2}
	EndGlobalSection
EndGlobal
