
Microsoft Visual Studio Solution File, Format Version 12.00
# Visual Studio Version 17
VisualStudioVersion = 17.4.33110.190
MinimumVisualStudioVersion = 10.0.40219.1
Project("{FAE04EC0-301F-11D3-BF4B-00C04F79EFBC}") = "Zadanie_SPOJ_SBANK_Sorting_Bank_Accounts", "Zadanie_SPOJ_SBANK_Sorting_Bank_Accounts\Zadanie_SPOJ_SBANK_Sorting_Bank_Accounts.csproj", "{66F56315-2C55-4255-8B06-3B114E12410A}"
EndProject
Global
	GlobalSection(SolutionConfigurationPlatforms) = preSolution
		Debug|Any CPU = Debug|Any CPU
		Release|Any CPU = Release|Any CPU
	EndGlobalSection
	GlobalSection(ProjectConfigurationPlatforms) = postSolution
		{66F56315-2C55-4255-8B06-3B114E12410A}.Debug|Any CPU.ActiveCfg = Debug|Any CPU
		{66F56315-2C55-4255-8B06-3B114E12410A}.Debug|Any CPU.Build.0 = Debug|Any CPU
		{66F56315-2C55-4255-8B06-3B114E12410A}.Release|Any CPU.ActiveCfg = Release|Any CPU
		{66F56315-2C55-4255-8B06-3B114E12410A}.Release|Any CPU.Build.0 = Release|Any CPU
	EndGlobalSection
	GlobalSection(SolutionProperties) = preSolution
		HideSolutionNode = FALSE
	EndGlobalSection
	GlobalSection(ExtensibilityGlobals) = postSolution
		SolutionGuid = {B496BF0A-3E11-4999-B0AC-00FDE0959244}
	EndGlobalSection
EndGlobal
