
Microsoft Visual Studio Solution File, Format Version 12.00
# Visual Studio Version 17
VisualStudioVersion = 17.3.32929.385
MinimumVisualStudioVersion = 10.0.40219.1
Project("{FAE04EC0-301F-11D3-BF4B-00C04F79EFBC}") = "Efektywność_algorytmów_eksperyment", "Efektywność_algorytmów_eksperyment\Efektywność_algorytmów_eksperyment.csproj", "{7EFEAC45-CB28-46F8-B6CF-8D680EC55633}"
EndProject
Global
	GlobalSection(SolutionConfigurationPlatforms) = preSolution
		Debug|Any CPU = Debug|Any CPU
		Release|Any CPU = Release|Any CPU
	EndGlobalSection
	GlobalSection(ProjectConfigurationPlatforms) = postSolution
		{7EFEAC45-CB28-46F8-B6CF-8D680EC55633}.Debug|Any CPU.ActiveCfg = Debug|Any CPU
		{7EFEAC45-CB28-46F8-B6CF-8D680EC55633}.Debug|Any CPU.Build.0 = Debug|Any CPU
		{7EFEAC45-CB28-46F8-B6CF-8D680EC55633}.Release|Any CPU.ActiveCfg = Release|Any CPU
		{7EFEAC45-CB28-46F8-B6CF-8D680EC55633}.Release|Any CPU.Build.0 = Release|Any CPU
	EndGlobalSection
	GlobalSection(SolutionProperties) = preSolution
		HideSolutionNode = FALSE
	EndGlobalSection
	GlobalSection(ExtensibilityGlobals) = postSolution
		SolutionGuid = {161D5F9D-D4ED-4FA5-81C0-D67348ADB867}
	EndGlobalSection
EndGlobal
